
Microsoft Visual Studio Solution File, Format Version 12.00
# Visual Studio Version 16
VisualStudioVersion = 16.0.30204.135
MinimumVisualStudioVersion = 10.0.40219.1
Project("{FAE04EC0-301F-11D3-BF4B-00C04F79EFBC}") = "ApiTest", "ApiTest\ApiTest.csproj", "{420E22A9-E5E4-4D9B-96CE-6C4A50546DBF}"
EndProject
Global
	GlobalSection(SolutionConfigurationPlatforms) = preSolution
		Debug|Any CPU = Debug|Any CPU
		Release|Any CPU = Release|Any CPU
	EndGlobalSection
	GlobalSection(ProjectConfigurationPlatforms) = postSolution
		{420E22A9-E5E4-4D9B-96CE-6C4A50546DBF}.Debug|Any CPU.ActiveCfg = Debug|Any CPU
		{420E22A9-E5E4-4D9B-96CE-6C4A50546DBF}.Debug|Any CPU.Build.0 = Debug|Any CPU
		{420E22A9-E5E4-4D9B-96CE-6C4A50546DBF}.Release|Any CPU.ActiveCfg = Release|Any CPU
		{420E22A9-E5E4-4D9B-96CE-6C4A50546DBF}.Release|Any CPU.Build.0 = Release|Any CPU
	EndGlobalSection
	GlobalSection(SolutionProperties) = preSolution
		HideSolutionNode = FALSE
	EndGlobalSection
	GlobalSection(ExtensibilityGlobals) = postSolution
		SolutionGuid = {3767F48C-CF5B-4C16-BC29-136C90B2E0A2}
	EndGlobalSection
EndGlobal
